
Microsoft Visual Studio Solution File, Format Version 12.00
# Visual Studio Version 17
VisualStudioVersion = 17.6.33723.286
MinimumVisualStudioVersion = 10.0.40219.1
Project("{FAE04EC0-301F-11D3-BF4B-00C04F79EFBC}") = "k-Means", "k-Means\k-Means.csproj", "{97693062-03DB-4BCA-A4A3-56A50BEC3553}"
EndProject
Global
	GlobalSection(SolutionConfigurationPlatforms) = preSolution
		Debug|Any CPU = Debug|Any CPU
		Release|Any CPU = Release|Any CPU
	EndGlobalSection
	GlobalSection(ProjectConfigurationPlatforms) = postSolution
		{97693062-03DB-4BCA-A4A3-56A50BEC3553}.Debug|Any CPU.ActiveCfg = Debug|Any CPU
		{97693062-03DB-4BCA-A4A3-56A50BEC3553}.Debug|Any CPU.Build.0 = Debug|Any CPU
		{97693062-03DB-4BCA-A4A3-56A50BEC3553}.Release|Any CPU.ActiveCfg = Release|Any CPU
		{97693062-03DB-4BCA-A4A3-56A50BEC3553}.Release|Any CPU.Build.0 = Release|Any CPU
	EndGlobalSection
	GlobalSection(SolutionProperties) = preSolution
		HideSolutionNode = FALSE
	EndGlobalSection
	GlobalSection(ExtensibilityGlobals) = postSolution
		SolutionGuid = {1130E16C-171D-4F3B-8AD3-99CB25F3DB57}
	EndGlobalSection
EndGlobal
